<?xml version="1.0" encoding="utf-8"?>
<Project ToolsVersion="4.0" xmlns="http://schemas.microsoft.com/developer/msbuild/2003">
  <ItemGroup>
    <Filter Include="소스 파일">
      <UniqueIdentifier>{4FC737F1-C7A5-4376-A066-2A32D752A2FF}</UniqueIdentifier>
      <Extensions>cpp;c;cc;cxx;def;odl;idl;hpj;bat;asm;asmx</Extensions>
    </Filter>
    <Filter Include="헤더 파일">
      <UniqueIdentifier>{93995380-89BD-4b04-88EB-625FBE52EBFB}</UniqueIdentifier>
      <Extensions>h;hh;hpp;hxx;hm;inl;inc;ipp;xsd</Extensions>
    </Filter>
    <Filter Include="리소스 파일">
      <UniqueIdentifier>{67DA6AB6-F800-4c08-8B7A-83BB121AAD01}</UniqueIdentifier>
      <Extensions>rc;ico;cur;bmp;dlg;rc2;rct;bin;rgs;gif;jpg;jpeg;jpe;resx;tiff;tif;png;wav;mfcribbon-ms</Extensions>
    </Filter>
    <Filter Include="소스 파일\09월">
      <UniqueIdentifier>{6059ffc7-0519-467c-9e7a-0a6d6316fa07}</UniqueIdentifier>
    </Filter>
    <Filter Include="소스 파일\10월">
      <UniqueIdentifier>{e7e5e2b3-1cfc-4b15-95d0-7eb4a15ff411}</UniqueIdentifier>
    </Filter>
    <Filter Include="소스 파일\10월\swExpertAcademy">
      <UniqueIdentifier>{456a0b8b-abfa-4ede-9995-913aa16e247b}</UniqueIdentifier>
    </Filter>
    <Filter Include="소스 파일\11월">
      <UniqueIdentifier>{afba9ba9-a8e0-4432-ac00-72624e79e25c}</UniqueIdentifier>
    </Filter>
    <Filter Include="소스 파일\11월\swExpertAcademy">
      <UniqueIdentifier>{11275810-37c2-4b87-9687-fd21521ccb39}</UniqueIdentifier>
    </Filter>
    <Filter Include="소스 파일\12월">
      <UniqueIdentifier>{e083e255-59d1-46ca-b00d-e83b81aa9726}</UniqueIdentifier>
    </Filter>
    <Filter Include="소스 파일\12월\swExpertAcademy">
      <UniqueIdentifier>{147de66b-4ed3-41ff-8824-41b204ef89f9}</UniqueIdentifier>
    </Filter>
  </ItemGroup>
  <ItemGroup>
    <ClCompile Include="210804_11724-연결요소의개수.cpp">
      <Filter>소스 파일\09월</Filter>
    </ClCompile>
    <ClCompile Include="210806_16953-A,B.cpp">
      <Filter>소스 파일\09월</Filter>
    </ClCompile>
    <ClCompile Include="20210901_13460-구슬탈출2.cpp">
      <Filter>소스 파일\09월</Filter>
    </ClCompile>
    <ClCompile Include="20210902_3190-뱀.cpp">
      <Filter>소스 파일\09월</Filter>
    </ClCompile>
    <ClCompile Include="20210903_14499주사위굴리기.cpp">
      <Filter>소스 파일\09월</Filter>
    </ClCompile>
    <ClCompile Include="20210904_14503-로봇청소기.cpp">
      <Filter>소스 파일\09월</Filter>
    </ClCompile>
    <ClCompile Include="20210905_14890-경사로.cpp">
      <Filter>소스 파일\09월</Filter>
    </ClCompile>
    <ClCompile Include="20210906_15683감시.cpp">
      <Filter>소스 파일\09월</Filter>
    </ClCompile>
    <ClCompile Include="20210911_카카오프로그래머스1.cpp">
      <Filter>소스 파일\09월</Filter>
    </ClCompile>
    <ClCompile Include="20210911_카카오프로그래머스3.cpp">
      <Filter>소스 파일\09월</Filter>
    </ClCompile>
    <ClCompile Include="20210911_카카오프로그래머스4.cpp">
      <Filter>소스 파일\09월</Filter>
    </ClCompile>
    <ClCompile Include="20210912_14891-톱니바퀴.cpp">
      <Filter>소스 파일\09월</Filter>
    </ClCompile>
    <ClCompile Include="20210913_14502-연구소.cpp">
      <Filter>소스 파일\09월</Filter>
    </ClCompile>
    <ClCompile Include="20210914_14500-테트로미노.cpp">
      <Filter>소스 파일\09월</Filter>
    </ClCompile>
    <ClCompile Include="20210915_14889-스타트와링크.cpp">
      <Filter>소스 파일\09월</Filter>
    </ClCompile>
    <ClCompile Include="20210915_15684-사다리조작.cpp">
      <Filter>소스 파일\09월</Filter>
    </ClCompile>
    <ClCompile Include="20210916_15685-드래곤커브.cpp">
      <Filter>소스 파일\09월</Filter>
    </ClCompile>
    <ClCompile Include="20210916_15686-치킨배달.cpp">
      <Filter>소스 파일\09월</Filter>
    </ClCompile>
    <ClCompile Include="20210916_16234-인구이동.cpp">
      <Filter>소스 파일\09월</Filter>
    </ClCompile>
    <ClCompile Include="20210918_16235-나무재테크.cpp">
      <Filter>소스 파일\09월</Filter>
    </ClCompile>
    <ClCompile Include="20210920_16236-아기상어.cpp">
      <Filter>소스 파일\09월</Filter>
    </ClCompile>
    <ClCompile Include="20210921_17144-미세먼지.cpp">
      <Filter>소스 파일\09월</Filter>
    </ClCompile>
    <ClCompile Include="20210922_17143-낚시왕.cpp">
      <Filter>소스 파일\09월</Filter>
    </ClCompile>
    <ClCompile Include="20210923_17140-이차원배열과연산.cpp">
      <Filter>소스 파일\09월</Filter>
    </ClCompile>
    <ClCompile Include="20210923_17141-연구소2,17142-연구소3.cpp">
      <Filter>소스 파일\09월</Filter>
    </ClCompile>
    <ClCompile Include="20210925_17779-게리멘더링2.cpp">
      <Filter>소스 파일\09월</Filter>
    </ClCompile>
    <ClCompile Include="20210926_17837-새로운게임2.cpp">
      <Filter>소스 파일\09월</Filter>
    </ClCompile>
    <ClCompile Include="20210927_17822-원판돌리기.cpp">
      <Filter>소스 파일\09월</Filter>
    </ClCompile>
    <ClCompile Include="20210928_17825-주사위윷놀이.cpp">
      <Filter>소스 파일\09월</Filter>
    </ClCompile>
    <ClCompile Include="20210929_20057-마법사상어와토네이도.cpp">
      <Filter>소스 파일\09월</Filter>
    </ClCompile>
    <ClCompile Include="20211001_21610-마법사상어와비바라기.cpp">
      <Filter>소스 파일\10월</Filter>
    </ClCompile>
    <ClCompile Include="20211001_21611-마법사상어와블리자드.cpp">
      <Filter>소스 파일\10월</Filter>
    </ClCompile>
    <ClCompile Include="20211002_19236-청소년상어.cpp">
      <Filter>소스 파일\10월</Filter>
    </ClCompile>
    <ClCompile Include="20211003_19237-어른상어.cpp">
      <Filter>소스 파일\10월</Filter>
    </ClCompile>
    <ClCompile Include="20211003_19238-스타트택시.cpp">
      <Filter>소스 파일\10월</Filter>
    </ClCompile>
    <ClCompile Include="20211004_20055-컨베이어벨트위의로봇.cpp">
      <Filter>소스 파일\10월</Filter>
    </ClCompile>
    <ClCompile Include="20211004_20056-마법사상어와파이어볼.cpp">
      <Filter>소스 파일\10월</Filter>
    </ClCompile>
    <ClCompile Include="20211005_20058-마법사상어와파이어스톰.cpp">
      <Filter>소스 파일\10월</Filter>
    </ClCompile>
    <ClCompile Include="20211006_21608_상어초등학교.cpp">
      <Filter>소스 파일\10월</Filter>
    </ClCompile>
    <ClCompile Include="20211007_21609-상어중학교.cpp">
      <Filter>소스 파일\10월</Filter>
    </ClCompile>
    <ClCompile Include="20211009_20061-모노미노도미노2.cpp">
      <Filter>소스 파일\10월</Filter>
    </ClCompile>
    <ClCompile Include="20211018_12741두전구.cpp">
      <Filter>소스 파일\10월\swExpertAcademy</Filter>
    </ClCompile>
    <ClCompile Include="20211021_10505-소득불균형.cpp">
      <Filter>소스 파일\10월\swExpertAcademy</Filter>
    </ClCompile>
    <ClCompile Include="20211021_99440-순열1.cpp">
      <Filter>소스 파일\10월\swExpertAcademy</Filter>
    </ClCompile>
    <ClCompile Include="20211022_11736-평범한숫자.cpp">
      <Filter>소스 파일\10월\swExpertAcademy</Filter>
    </ClCompile>
    <ClCompile Include="20211022_3431-준환이의운동관리.cpp">
      <Filter>소스 파일\10월\swExpertAcademy</Filter>
    </ClCompile>
    <ClCompile Include="20211024_5601-쥬스나누기.cpp">
      <Filter>소스 파일\10월\swExpertAcademy</Filter>
    </ClCompile>
    <ClCompile Include="20211020_11856-반반.cpp">
      <Filter>소스 파일\10월\swExpertAcademy</Filter>
    </ClCompile>
    <ClCompile Include="20211020_11315-오목판정.cpp">
      <Filter>소스 파일\10월\swExpertAcademy</Filter>
    </ClCompile>
    <ClCompile Include="20211019_12368-24시간.cpp">
      <Filter>소스 파일\10월\swExpertAcademy</Filter>
    </ClCompile>
    <ClCompile Include="20211019_12004-구구단1.cpp">
      <Filter>소스 파일\10월\swExpertAcademy</Filter>
    </ClCompile>
    <ClCompile Include="20211024_1234-비밀번호.cpp">
      <Filter>소스 파일\10월\swExpertAcademy</Filter>
    </ClCompile>
    <ClCompile Include="20211028_4406-모음이보이지않는사람.cpp">
      <Filter>소스 파일\10월\swExpertAcademy</Filter>
    </ClCompile>
    <ClCompile Include="20211026_6730-장애물경주난이도.cpp">
      <Filter>소스 파일\10월\swExpertAcademy</Filter>
    </ClCompile>
    <ClCompile Include="20211029_9997-미니멀리즘시계.cpp">
      <Filter>소스 파일\10월\swExpertAcademy</Filter>
    </ClCompile>
    <ClCompile Include="20211029_8658-Summation.cpp">
      <Filter>소스 파일\10월\swExpertAcademy</Filter>
    </ClCompile>
    <ClCompile Include="20211030_1220-Magnetic.cpp">
      <Filter>소스 파일\10월\swExpertAcademy</Filter>
    </ClCompile>
    <ClCompile Include="20211031_1226-미로1.cpp">
      <Filter>소스 파일\10월\swExpertAcademy</Filter>
    </ClCompile>
    <ClCompile Include="20211106_1217-거듭제곱.cpp">
      <Filter>소스 파일\11월\swExpertAcademy</Filter>
    </ClCompile>
    <ClCompile Include="20211105_1225암호생성기.cpp">
      <Filter>소스 파일\11월\swExpertAcademy</Filter>
    </ClCompile>
    <ClCompile Include="20211107_8673-코딩토너먼트1.cpp">
      <Filter>소스 파일\11월\swExpertAcademy</Filter>
    </ClCompile>
    <ClCompile Include="20211108_1218-괄호짝짓기.cpp">
      <Filter>소스 파일\11월\swExpertAcademy</Filter>
    </ClCompile>
    <ClCompile Include="20211109_7701-염라대왕의이름정렬.cpp">
      <Filter>소스 파일\11월\swExpertAcademy</Filter>
    </ClCompile>
    <ClCompile Include="20211110_7829-보물왕태혁.cpp">
      <Filter>소스 파일\11월\swExpertAcademy</Filter>
    </ClCompile>
    <ClCompile Include="20211111_7728-다양성측정.cpp">
      <Filter>소스 파일\11월\swExpertAcademy</Filter>
    </ClCompile>
    <ClCompile Include="20211123_8931제로.cpp">
      <Filter>소스 파일\11월\swExpertAcademy</Filter>
    </ClCompile>
    <ClCompile Include="202112077_2819격자판의숫자이어붙이기.cpp">
      <Filter>소스 파일\12월\swExpertAcademy</Filter>
    </ClCompile>
  </ItemGroup>
  <ItemGroup>
    <None Include="20211019_12221-구구단2.cpp">
      <Filter>소스 파일\10월\swExpertAcademy</Filter>
    </None>
  </ItemGroup>
</Project>